<?xml version="1.0" encoding="utf-8"?>
<Project ToolsVersion="4.0" xmlns="http://schemas.microsoft.com/developer/msbuild/2003">
  <ItemGroup>
    <Filter Include="Cober">
      <UniqueIdentifier>{50F6F90C-BC0A-22BE-858C-C51DF15F1EEF}</UniqueIdentifier>
    </Filter>
    <Filter Include="Cober\ImGui">
      <UniqueIdentifier>{7AE7551B-E69C-CE10-6F91-C8E7DB45C514}</UniqueIdentifier>
    </Filter>
    <Filter Include="Cober\Layers">
      <UniqueIdentifier>{0F53548C-FBB5-E330-A43B-1CE7907DAFB3}</UniqueIdentifier>
    </Filter>
    <Filter Include="Cober\Renderer">
      <UniqueIdentifier>{F6536796-E221-5B9C-CBB5-CBC2B7223701}</UniqueIdentifier>
    </Filter>
    <Filter Include="Platforms">
      <UniqueIdentifier>{97E1D32C-036D-41F1-0C7E-C4E578889DF1}</UniqueIdentifier>
    </Filter>
    <Filter Include="Platforms\OpenGL">
      <UniqueIdentifier>{EBFABD3A-D7F4-E68C-C061-7D9DACFA4CF9}</UniqueIdentifier>
    </Filter>
    <Filter Include="Platforms\Windows">
      <UniqueIdentifier>{D13299EA-3D6A-E181-4674-45A5B22A087B}</UniqueIdentifier>
    </Filter>
  </ItemGroup>
  <ItemGroup>
    <ClInclude Include="src\Cober\Application.h">
      <Filter>Cober</Filter>
    </ClInclude>
    <ClInclude Include="src\Cober\Core.h">
      <Filter>Cober</Filter>
    </ClInclude>
    <ClInclude Include="src\Cober\EntryPoint.h">
      <Filter>Cober</Filter>
    </ClInclude>
    <ClInclude Include="src\Cober\ImGui\ImGuiLayer.h">
      <Filter>Cober\ImGui</Filter>
    </ClInclude>
    <ClInclude Include="src\Cober\Layers\Layer.h">
      <Filter>Cober\Layers</Filter>
    </ClInclude>
    <ClInclude Include="src\Cober\Layers\LayerStack.h">
      <Filter>Cober\Layers</Filter>
    </ClInclude>
    <ClInclude Include="src\Cober\Renderer\GraphicsContext.h">
      <Filter>Cober\Renderer</Filter>
    </ClInclude>
    <ClInclude Include="src\Cober\Window.h">
      <Filter>Cober</Filter>
    </ClInclude>
    <ClInclude Include="src\Engine.h" />
    <ClInclude Include="src\pch.h" />
    <ClInclude Include="src\Cober\Renderer\Buffer.h">
      <Filter>Cober\Renderer</Filter>
    </ClInclude>
    <ClInclude Include="src\Cober\Renderer\Renderer.h">
      <Filter>Cober\Renderer</Filter>
    </ClInclude>
    <ClInclude Include="src\Platforms\Windows\WindowsWindow.h">
      <Filter>Platforms\Windows</Filter>
    </ClInclude>
    <ClInclude Include="src\Platforms\OpenGL\OpenGLBuffer.h">
      <Filter>Platforms\OpenGL</Filter>
    </ClInclude>
    <ClInclude Include="src\Platforms\OpenGL\OpenGLContext.h">
      <Filter>Platforms\OpenGL</Filter>
    </ClInclude>
    <ClInclude Include="src\Cober\Renderer\Shader.h">
      <Filter>Cober\Renderer</Filter>
    </ClInclude>
    <ClInclude Include="src\Cober\Renderer\VertexArray.h">
      <Filter>Cober\Renderer</Filter>
    </ClInclude>
    <ClInclude Include="src\Platforms\OpenGL\OpenGLVertexArray.h">
      <Filter>Platforms\OpenGL</Filter>
    </ClInclude>
    <ClInclude Include="src\Cober\Renderer\RenderCommand.h">
      <Filter>Cober\Renderer</Filter>
    </ClInclude>
    <ClInclude Include="src\Platforms\OpenGL\OpenGLRendererAPI.h">
      <Filter>Platforms\OpenGL</Filter>
    </ClInclude>
    <ClInclude Include="src\Cober\Renderer\RendererAPI.h">
      <Filter>Cober\Renderer</Filter>
    </ClInclude>
  </ItemGroup>
  <ItemGroup>
    <ClCompile Include="src\Cober\Application.cpp">
      <Filter>Cober</Filter>
    </ClCompile>
    <ClCompile Include="src\Cober\ImGui\ImGuiBuild.cpp">
      <Filter>Cober\ImGui</Filter>
    </ClCompile>
    <ClCompile Include="src\Cober\ImGui\ImGuiLayer.cpp">
      <Filter>Cober\ImGui</Filter>
    </ClCompile>
    <ClCompile Include="src\Cober\Layers\Layer.cpp">
      <Filter>Cober\Layers</Filter>
    </ClCompile>
    <ClCompile Include="src\Cober\Layers\LayerStack.cpp">
      <Filter>Cober\Layers</Filter>
    </ClCompile>
    <ClCompile Include="src\pch.cpp" />
    <ClCompile Include="src\Cober\Renderer\Buffer.cpp">
      <Filter>Cober\Renderer</Filter>
    </ClCompile>
    <ClCompile Include="src\Cober\Renderer\Renderer.cpp">
      <Filter>Cober\Renderer</Filter>
    </ClCompile>
    <ClCompile Include="src\Platforms\Windows\WindowsWindow.cpp">
      <Filter>Platforms\Windows</Filter>
    </ClCompile>
    <ClCompile Include="src\Platforms\OpenGL\OpenGLBuffer.cpp">
      <Filter>Platforms\OpenGL</Filter>
    </ClCompile>
    <ClCompile Include="src\Platforms\OpenGL\OpenGLContext.cpp">
      <Filter>Platforms\OpenGL</Filter>
    </ClCompile>
    <ClCompile Include="src\Cober\Renderer\Shader.cpp">
      <Filter>Cober\Renderer</Filter>
    </ClCompile>
    <ClCompile Include="src\Cober\Renderer\VertexArray.cpp">
      <Filter>Cober\Renderer</Filter>
    </ClCompile>
    <ClCompile Include="src\Platforms\OpenGL\OpenGLVertexArray.cpp">
      <Filter>Platforms\OpenGL</Filter>
    </ClCompile>
    <ClCompile Include="src\Cober\Renderer\RenderCommand.cpp">
      <Filter>Cober\Renderer</Filter>
    </ClCompile>
    <ClCompile Include="src\Platforms\OpenGL\OpenGLRendererAPI.cpp">
      <Filter>Platforms\OpenGL</Filter>
    </ClCompile>
    <ClCompile Include="src\Cober\Renderer\RendererAPI.cpp">
      <Filter>Cober\Renderer</Filter>
    </ClCompile>
  </ItemGroup>
</Project>